Microsoft Visual Studio Solution File, Format Version 12.00
# Visual Studio Version 17
VisualStudioVersion = 17.13.35919.96
MinimumVisualStudioVersion = 10.0.40219.1
Project("{FAE04EC0-301F-11D3-BF4B-00C04F79EFBC}") = "ProgA1_ST10070515_PartOne", "ProgA1_ST10070515_PartOne\ProgA1_ST10070515_PartOne.csproj", "{8D9CED41-8C53-49AC-BF10-89842E2471CD}"
EndProject
Global
	GlobalSection(SolutionConfigurationPlatforms) = preSolution
		Debug|Any CPU = Debug|Any CPU
		Release|Any CPU = Release|Any CPU
	EndGlobalSection
	GlobalSection(ProjectConfigurationPlatforms) = postSolution
		{8D9CED41-8C53-49AC-BF10-89842E2471CD}.Debug|Any CPU.ActiveCfg = Debug|Any CPU
		{8D9CED41-8C53-49AC-BF10-89842E2471CD}.Debug|Any CPU.Build.0 = Debug|Any CPU
		{8D9CED41-8C53-49AC-BF10-89842E2471CD}.Release|Any CPU.ActiveCfg = Release|Any CPU
		{8D9CED41-8C53-49AC-BF10-89842E2471CD}.Release|Any CPU.Build.0 = Release|Any CPU
	EndGlobalSection
	GlobalSection(SolutionProperties) = preSolution
		HideSolutionNode = FALSE
	EndGlobalSection
	GlobalSection(ExtensibilityGlobals) = postSolution
		SolutionGuid = {DB775E00-0B60-471C-8E53-EF959A9FF0B8}
	EndGlobalSection
EndGlobal
